// !$*UTF8*$!
{
	archiveVersion = 1;
	classes = {
	};
	objectVersion = 46;
	objects = {

/* Begin PBXBuildFile section */
		622AAB931E1A9F2B008D7317 /* gardenshow.jpg in Resources */ = {isa = PBXBuildFile; fileRef = 622AAB921E1A9F2B008D7317 /* gardenshow.jpg */; };
		62B3C84A1E141557002CE87F /* AppDelegate.swift in Sources */ = {isa = PBXBuildFile; fileRef = 62B3C8491E141557002CE87F /* AppDelegate.swift */; };
		62B3C84C1E141557002CE87F /* ViewController.swift in Sources */ = {isa = PBXBuildFile; fileRef = 62B3C84B1E141557002CE87F /* ViewController.swift */; };
		62B3C84F1E141557002CE87F /* Main.storyboard in Resources */ = {isa = PBXBuildFile; fileRef = 62B3C84D1E141557002CE87F /* Main.storyboard */; };
		62B3C8511E141557002CE87F /* Assets.xcassets in Resources */ = {isa = PBXBuildFile; fileRef = 62B3C8501E141557002CE87F /* Assets.xcassets */; };
		62B3C8541E141557002CE87F /* LaunchScreen.storyboard in Resources */ = {isa = PBXBuildFile; fileRef = 62B3C8521E141557002CE87F /* LaunchScreen.storyboard */; };
/* End PBXBuildFile section */

/* Begin PBXContainerItemProxy section */
		62B3C85B1E141557002CE87F /* PBXContainerItemProxy */ = {
			isa = PBXContainerItemProxy;
			containerPortal = 62B3C83E1E141556002CE87F /* Project object */;
			proxyType = 1;
			remoteGlobalIDString = 62B3C8451E141556002CE87F;
			remoteInfo = CoreImageSwift;
		};
		62B3C8661E141557002CE87F /* PBXContainerItemProxy */ = {
			isa = PBXContainerItemProxy;
			containerPortal = 62B3C83E1E141556002CE87F /* Project object */;
			proxyType = 1;
			remoteGlobalIDString = 62B3C8451E141556002CE87F;
			remoteInfo = CoreImageSwift;
		};
/* End PBXContainerItemProxy section */

/* Begin PBXFileReference section */
		622AAB921E1A9F2B008D7317 /* gardenshow.jpg */ = {isa = PBXFileReference; lastKnownFileType = image.jpeg; path = gardenshow.jpg; sourceTree = "<group>"; };
		62B3C8461E141557002CE87F /* CoreImageSwift.app */ = {isa = PBXFileReference; explicitFileType = wrapper.application; includeInIndex = 0; path = CoreImageSwift.app; sourceTree = BUILT_PRODUCTS_DIR; };
		62B3C8491E141557002CE87F /* AppDelegate.swift */ = {isa = PBXFileReference; lastKnownFileType = sourcecode.swift; path = AppDelegate.swift; sourceTree = "<group>"; };
		62B3C84B1E141557002CE87F /* ViewController.swift */ = {isa = PBXFileReference; lastKnownFileType = sourcecode.swift; path = ViewController.swift; sourceTree = "<group>"; };
		62B3C84E1E141557002CE87F /* Base */ = {isa = PBXFileReference; lastKnownFileType = file.storyboard; name = Base; path = Base.lproj/Main.storyboard; sourceTree = "<group>"; };
		62B3C8501E141557002CE87F /* Assets.xcassets */ = {isa = PBXFileReference; lastKnownFileType = folder.assetcatalog; path = Assets.xcassets; sourceTree = "<group>"; };
		62B3C8531E141557002CE87F /* Base */ = {isa = PBXFileReference; lastKnownFileType = file.storyboard; name = Base; path = Base.lproj/LaunchScreen.storyboard; sourceTree = "<group>"; };
		62B3C8551E141557002CE87F /* Info.plist */ = {isa = PBXFileReference; lastKnownFileType = text.plist.xml; path = Info.plist; sourceTree = "<group>"; };
		62B3C85A1E141557002CE87F /* CoreImageSwiftTests.xctest */ = {isa = PBXFileReference; explicitFileType = wrapper.cfbundle; includeInIndex = 0; path = CoreImageSwiftTests.xctest; sourceTree = BUILT_PRODUCTS_DIR; };
		62B3C8651E141557002CE87F /* CoreImageSwiftUITests.xctest */ = {isa = PBXFileReference; explicitFileType = wrapper.cfbundle; includeInIndex = 0; path = CoreImageSwiftUITests.xctest; sourceTree = BUILT_PRODUCTS_DIR; };
/* End PBXFileReference section */

/* Begin PBXFrameworksBuildPhase section */
		62B3C8431E141556002CE87F /* Frameworks */ = {
			isa = PBXFrameworksBuildPhase;
			buildActionMask = 2147483647;
			files = (
			);
			runOnlyForDeploymentPostprocessing = 0;
		};
		62B3C8571E141557002CE87F /* Frameworks */ = {
			isa = PBXFrameworksBuildPhase;
			buildActionMask = 2147483647;
			files = (
			);
			runOnlyForDeploymentPostprocessing = 0;
		};
		62B3C8621E141557002CE87F /* Frameworks */ = {
			isa = PBXFrameworksBuildPhase;
			buildActionMask = 2147483647;
			files = (
			);
			runOnlyForDeploymentPostprocessing = 0;
		};
/* End PBXFrameworksBuildPhase section */

/* Begin PBXGroup section */
		62B3C83D1E141556002CE87F = {
			isa = PBXGroup;
			children = (
				62B3C8481E141557002CE87F /* CoreImageSwift */,
				62B3C8471E141557002CE87F /* Products */,
			);
			sourceTree = "<group>";
		};
		62B3C8471E141557002CE87F /* Products */ = {
			isa = PBXGroup;
			children = (
				62B3C8461E141557002CE87F /* CoreImageSwift.app */,
				62B3C85A1E141557002CE87F /* CoreImageSwiftTests.xctest */,
				62B3C8651E141557002CE87F /* CoreImageSwiftUITests.xctest */,
			);
			name = Products;
			sourceTree = "<group>";
		};
		62B3C8481E141557002CE87F /* CoreImageSwift */ = {
			isa = PBXGroup;
			children = (
				62B3C8771E141D05002CE87F /* Resources */,
				62B3C8491E141557002CE87F /* AppDelegate.swift */,
				62B3C84B1E141557002CE87F /* ViewController.swift */,
				62B3C84D1E141557002CE87F /* Main.storyboard */,
				62B3C8501E141557002CE87F /* Assets.xcassets */,
				62B3C8521E141557002CE87F /* LaunchScreen.storyboard */,
				62B3C8551E141557002CE87F /* Info.plist */,
			);
			path = CoreImageSwift;
			sourceTree = "<group>";
		};
		62B3C8771E141D05002CE87F /* Resources */ = {
			isa = PBXGroup;
			children = (
				622AAB921E1A9F2B008D7317 /* gardenshow.jpg */,
			);
			path = Resources;
			sourceTree = "<group>";
		};
/* End PBXGroup section */

/* Begin PBXNativeTarget section */
		62B3C8451E141556002CE87F /* CoreImageSwift */ = {
			isa = PBXNativeTarget;
			buildConfigurationList = 62B3C86E1E141557002CE87F /* Build configuration list for PBXNativeTarget "CoreImageSwift" */;
			buildPhases = (
				62B3C8421E141556002CE87F /* Sources */,
				62B3C8431E141556002CE87F /* Frameworks */,
				62B3C8441E141556002CE87F /* Resources */,
			);
			buildRules = (
			);
			dependencies = (
			);
			name = CoreImageSwift;
			productName = CoreImageSwift;
			productReference = 62B3C8461E141557002CE87F /* CoreImageSwift.app */;
			productType = "com.apple.product-type.application";
		};
		62B3C8591E141557002CE87F /* CoreImageSwiftTests */ = {
			isa = PBXNativeTarget;
			buildConfigurationList = 62B3C8711E141557002CE87F /* Build configuration list for PBXNativeTarget "CoreImageSwiftTests" */;
			buildPhases = (
				62B3C8561E141557002CE87F /* Sources */,
				62B3C8571E141557002CE87F /* Frameworks */,
				62B3C8581E141557002CE87F /* Resources */,
			);
			buildRules = (
			);
			dependencies = (
				62B3C85C1E141557002CE87F /* PBXTargetDependency */,
			);
			name = CoreImageSwiftTests;
			productName = CoreImageSwiftTests;
			productReference = 62B3C85A1E141557002CE87F /* CoreImageSwiftTests.xctest */;
			productType = "com.apple.product-type.bundle.unit-test";
		};
		62B3C8641E141557002CE87F /* CoreImageSwiftUITests */ = {
			isa = PBXNativeTarget;
			buildConfigurationList = 62B3C8741E141557002CE87F /* Build configuration list for PBXNativeTarget "CoreImageSwiftUITests" */;
			buildPhases = (
				62B3C8611E141557002CE87F /* Sources */,
				62B3C8621E141557002CE87F /* Frameworks */,
				62B3C8631E141557002CE87F /* Resources */,
			);
			buildRules = (
			);
			dependencies = (
				62B3C8671E141557002CE87F /* PBXTargetDependency */,
			);
			name = CoreImageSwiftUITests;
			productName = CoreImageSwiftUITests;
			productReference = 62B3C8651E141557002CE87F /* CoreImageSwiftUITests.xctest */;
			productType = "com.apple.product-type.bundle.ui-testing";
		};
/* End PBXNativeTarget section */

/* Begin PBXProject section */
		62B3C83E1E141556002CE87F /* Project object */ = {
			isa = PBXProject;
			attributes = {
				LastSwiftUpdateCheck = 0820;
				LastUpgradeCheck = 0820;
				ORGANIZATIONNAME = "Ethan Halprin";
				TargetAttributes = {
					62B3C8451E141556002CE87F = {
						CreatedOnToolsVersion = 8.2;
						ProvisioningStyle = Manual;
					};
					62B3C8591E141557002CE87F = {
						CreatedOnToolsVersion = 8.2;
						ProvisioningStyle = Automatic;
						TestTargetID = 62B3C8451E141556002CE87F;
					};
					62B3C8641E141557002CE87F = {
						CreatedOnToolsVersion = 8.2;
						ProvisioningStyle = Automatic;
						TestTargetID = 62B3C8451E141556002CE87F;
					};
				};
			};
			buildConfigurationList = 62B3C8411E141556002CE87F /* Build configuration list for PBXProject "CoreImageSwift" */;
			compatibilityVersion = "Xcode 3.2";
			developmentRegion = English;
			hasScannedForEncodings = 0;
			knownRegions = (
				en,
				Base,
			);
			mainGroup = 62B3C83D1E141556002CE87F;
			productRefGroup = 62B3C8471E141557002CE87F /* Products */;
			projectDirPath = "";
			projectRoot = "";
			targets = (
				62B3C8451E141556002CE87F /* CoreImageSwift */,
				62B3C8591E141557002CE87F /* CoreImageSwiftTests */,
				62B3C8641E141557002CE87F /* CoreImageSwiftUITests */,
			);
		};
/* End PBXProject section */

/* Begin PBXResourcesBuildPhase section */
		62B3C8441E141556002CE87F /* Resources */ = {
			isa = PBXResourcesBuildPhase;
			buildActionMask = 2147483647;
			files = (
				62B3C8541E141557002CE87F /* LaunchScreen.storyboard in Resources */,
				62B3C8511E141557002CE87F /* Assets.xcassets in Resources */,
				62B3C84F1E141557002CE87F /* Main.storyboard in Resources */,
				622AAB931E1A9F2B008D7317 /* gardenshow.jpg in Resources */,
			);
			runOnlyForDeploymentPostprocessing = 0;
		};
		62B3C8581E141557002CE87F /* Resources */ = {
			isa = PBXResourcesBuildPhase;
			buildActionMask = 2147483647;
			files = (
			);
			runOnlyForDeploymentPostprocessing = 0;
		};
		62B3C8631E141557002CE87F /* Resources */ = {
			isa = PBXResourcesBuildPhase;
			buildActionMask = 2147483647;
			files = (
			);
			runOnlyForDeploymentPostprocessing = 0;
		};
/* End PBXResourcesBuildPhase section */

/* Begin PBXSourcesBuildPhase section */
		62B3C8421E141556002CE87F /* Sources */ = {
			isa = PBXSourcesBuildPhase;
			buildActionMask = 2147483647;
			files = (
				62B3C84C1E141557002CE87F /* ViewController.swift in Sources */,
				62B3C84A1E141557002CE87F /* AppDelegate.swift in Sources */,
			);
			runOnlyForDeploymentPostprocessing = 0;
		};
		62B3C8561E141557002CE87F /* Sources */ = {
			isa = PBXSourcesBuildPhase;
			buildActionMask = 2147483647;
			files = (
			);
			runOnlyForDeploymentPostprocessing = 0;
		};
		62B3C8611E141557002CE87F /* Sources */ = {
			isa = PBXSourcesBuildPhase;
			buildActionMask = 2147483647;
			files = (
			);
			runOnlyForDeploymentPostprocessing = 0;
		};
/* End PBXSourcesBuildPhase section */

/* Begin PBXTargetDependency section */
		62B3C85C1E141557002CE87F /* PBXTargetDependency */ = {
			isa = PBXTargetDependency;
			target = 62B3C8451E141556002CE87F /* CoreImageSwift */;
			targetProxy = 62B3C85B1E141557002CE87F /* PBXContainerItemProxy */;
		};
		62B3C8671E141557002CE87F /* PBXTargetDependency */ = {
			isa = PBXTargetDependency;
			target = 62B3C8451E141556002CE87F /* CoreImageSwift */;
			targetProxy = 62B3C8661E141557002CE87F /* PBXContainerItemProxy */;
		};
/* End PBXTargetDependency section */

/* Begin PBXVariantGroup section */
		62B3C84D1E141557002CE87F /* Main.storyboard */ = {
			isa = PBXVariantGroup;
			children = (
				62B3C84E1E141557002CE87F /* Base */,
			);
			name = Main.storyboard;
			sourceTree = "<group>";
		};
		62B3C8521E141557002CE87F /* LaunchScreen.storyboard */ = {
			isa = PBXVariantGroup;
			children = (
				62B3C8531E141557002CE87F /* Base */,
			);
			name = LaunchScreen.storyboard;
			sourceTree = "<group>";
		};
/* End PBXVariantGroup section */

/* Begin XCBuildConfiguration section */
		62B3C86C1E141557002CE87F /* Debug */ = {
			isa = XCBuildConfiguration;
			buildSettings = {
				ALWAYS_SEARCH_USER_PATHS = NO;
				CLANG_ANALYZER_NONNULL = YES;
				CLANG_CXX_LANGUAGE_STANDARD = "gnu++0x";
				CLANG_CXX_LIBRARY = "libc++";
				CLANG_ENABLE_MODULES = YES;
				CLANG_ENABLE_OBJC_ARC = YES;
				CLANG_WARN_BOOL_CONVERSION = YES;
				CLANG_WARN_CONSTANT_CONVERSION = YES;
				CLANG_WARN_DIRECT_OBJC_ISA_USAGE = YES_ERROR;
				CLANG_WARN_DOCUMENTATION_COMMENTS = YES;
				CLANG_WARN_EMPTY_BODY = YES;
				CLANG_WARN_ENUM_CONVERSION = YES;
				CLANG_WARN_INFINITE_RECURSION = YES;
				CLANG_WARN_INT_CONVERSION = YES;
				CLANG_WARN_OBJC_ROOT_CLASS = YES_ERROR;
				CLANG_WARN_SUSPICIOUS_MOVE = YES;
				CLANG_WARN_UNREACHABLE_CODE = YES;
				CLANG_WARN__DUPLICATE_METHOD_MATCH = YES;
				"CODE_SIGN_IDENTITY[sdk=iphoneos*]" = "iPhone Developer";
				COPY_PHASE_STRIP = NO;
				DEBUG_INFORMATION_FORMAT = dwarf;
				ENABLE_STRICT_OBJC_MSGSEND = YES;
				ENABLE_TESTABILITY = YES;
				GCC_C_LANGUAGE_STANDARD = gnu99;
				GCC_DYNAMIC_NO_PIC = NO;
				GCC_NO_COMMON_BLOCKS = YES;
				GCC_OPTIMIZATION_LEVEL = 0;
				GCC_PREPROCESSOR_DEFINITIONS = (
					"DEBUG=1",
					"$(inherited)",
				);
				GCC_WARN_64_TO_32_BIT_CONVERSION = YES;
				GCC_WARN_ABOUT_RETURN_TYPE = YES_ERROR;
				GCC_WARN_UNDECLARED_SELECTOR = YES;
				GCC_WARN_UNINITIALIZED_AUTOS = YES_AGGRESSIVE;
				GCC_WARN_UNUSED_FUNCTION = YES;
				GCC_WARN_UNUSED_VARIABLE = YES;
				IPHONEOS_DEPLOYMENT_TARGET = 10.2;
				MTL_ENABLE_DEBUG_INFO = YES;
				ONLY_ACTIVE_ARCH = YES;
				SDKROOT = iphoneos;
				SWIFT_ACTIVE_COMPILATION_CONDITIONS = DEBUG;
				SWIFT_OPTIMIZATION_LEVEL = "-Onone";
				TARGETED_DEVICE_FAMILY = "1,2";
			};
			name = Debug;
		};
		62B3C86D1E141557002CE87F /* Release */ = {
			isa = XCBuildConfiguration;
			buildSettings = {
				ALWAYS_SEARCH_USER_PATHS = NO;
				CLANG_ANALYZER_NONNULL = YES;
				CLANG_CXX_LANGUAGE_STANDARD = "gnu++0x";
				CLANG_CXX_LIBRARY = "libc++";
				CLANG_ENABLE_MODULES = YES;
				CLANG_ENABLE_OBJC_ARC = YES;
				CLANG_WARN_BOOL_CONVERSION = YES;
				CLANG_WARN_CONSTANT_CONVERSION = YES;
				CLANG_WARN_DIRECT_OBJC_ISA_USAGE = YES_ERROR;
				CLANG_WARN_DOCUMENTATION_COMMENTS = YES;
				CLANG_WARN_EMPTY_BODY = YES;
				CLANG_WARN_ENUM_CONVERSION = YES;
				CLANG_WARN_INFINITE_RECURSION = YES;
				CLANG_WARN_INT_CONVERSION = YES;
				CLANG_WARN_OBJC_ROOT_CLASS = YES_ERROR;
				CLANG_WARN_SUSPICIOUS_MOVE = YES;
				CLANG_WARN_UNREACHABLE_CODE = YES;
				CLANG_WARN__DUPLICATE_METHOD_MATCH = YES;
				"CODE_SIGN_IDENTITY[sdk=iphoneos*]" = "iPhone Developer";
				COPY_PHASE_STRIP = NO;
				DEBUG_INFORMATION_FORMAT = "dwarf-with-dsym";
				ENABLE_NS_ASSERTIONS = NO;
				ENABLE_STRICT_OBJC_MSGSEND = YES;
				GCC_C_LANGUAGE_STANDARD = gnu99;
				GCC_NO_COMMON_BLOCKS = YES;
				GCC_WARN_64_TO_32_BIT_CONVERSION = YES;
				GCC_WARN_ABOUT_RETURN_TYPE = YES_ERROR;
				GCC_WARN_UNDECLARED_SELECTOR = YES;
				GCC_WARN_UNINITIALIZED_AUTOS = YES_AGGRESSIVE;
				GCC_WARN_UNUSED_FUNCTION = YES;
				GCC_WARN_UNUSED_VARIABLE = YES;
				IPHONEOS_DEPLOYMENT_TARGET = 10.2;
				MTL_ENABLE_DEBUG_INFO = NO;
				SDKROOT = iphoneos;
				SWIFT_OPTIMIZATION_LEVEL = "-Owholemodule";
				TARGETED_DEVICE_FAMILY = "1,2";
				VALIDATE_PRODUCT = YES;
			};
			name = Release;
		};
		62B3C86F1E141557002CE87F /* Debug */ = {
			isa = XCBuildConfiguration;
			buildSettings = {
				ASSETCATALOG_COMPILER_APPICON_NAME = AppIcon;
				CODE_SIGN_IDENTITY = "";
				DEVELOPMENT_TEAM = "";
				INFOPLIST_FILE = CoreImageSwift/Info.plist;
				LD_RUNPATH_SEARCH_PATHS = "$(inherited) @executable_path/Frameworks";
				PRODUCT_BUNDLE_IDENTIFIER = halfpenny.gen.CoreImageSwift;
				PRODUCT_NAME = "$(TARGET_NAME)";
				PROVISIONING_PROFILE = "";
				PROVISIONING_PROFILE_SPECIFIER = "";
				SWIFT_VERSION = 3.0;
			};
			name = Debug;
		};
		62B3C8701E141557002CE87F /* Release */ = {
			isa = XCBuildConfiguration;
			buildSettings = {
				ASSETCATALOG_COMPILER_APPICON_NAME = AppIcon;
				CODE_SIGN_IDENTITY = "";
				DEVELOPMENT_TEAM = "";
				INFOPLIST_FILE = CoreImageSwift/Info.plist;
				LD_RUNPATH_SEARCH_PATHS = "$(inherited) @executable_path/Frameworks";
				PRODUCT_BUNDLE_IDENTIFIER = halfpenny.gen.CoreImageSwift;
				PRODUCT_NAME = "$(TARGET_NAME)";
				PROVISIONING_PROFILE_SPECIFIER = "";
				SWIFT_VERSION = 3.0;
			};
			name = Release;
		};
		62B3C8721E141557002CE87F /* Debug */ = {
			isa = XCBuildConfiguration;
			buildSettings = {
				ALWAYS_EMBED_SWIFT_STANDARD_LIBRARIES = YES;
				BUNDLE_LOADER = "$(TEST_HOST)";
				INFOPLIST_FILE = CoreImageSwiftTests/Info.plist;
				LD_RUNPATH_SEARCH_PATHS = "$(inherited) @executable_path/Frameworks @loader_path/Frameworks";
				PRODUCT_BUNDLE_IDENTIFIER = halfpenny.gen.CoreImageSwiftTests;
				PRODUCT_NAME = "$(TARGET_NAME)";
				SWIFT_VERSION = 3.0;
				TEST_HOST = "$(BUILT_PRODUCTS_DIR)/CoreImageSwift.app/CoreImageSwift";
			};
			name = Debug;
		};
		62B3C8731E141557002CE87F /* Release */ = {
			isa = XCBuildConfiguration;
			buildSettings = {
				ALWAYS_EMBED_SWIFT_STANDARD_LIBRARIES = YES;
				BUNDLE_LOADER = "$(TEST_HOST)";
				INFOPLIST_FILE = CoreImageSwiftTests/Info.plist;
				LD_RUNPATH_SEARCH_PATHS = "$(inherited) @executable_path/Frameworks @loader_path/Frameworks";
				PRODUCT_BUNDLE_IDENTIFIER = halfpenny.gen.CoreImageSwiftTests;
				PRODUCT_NAME = "$(TARGET_NAME)";
				SWIFT_VERSION = 3.0;
				TEST_HOST = "$(BUILT_PRODUCTS_DIR)/CoreImageSwift.app/CoreImageSwift";
			};
			name = Release;
		};
		62B3C8751E141557002CE87F /* Debug */ = {
			isa = XCBuildConfiguration;
			buildSettings = {
				ALWAYS_EMBED_SWIFT_STANDARD_LIBRARIES = YES;
				INFOPLIST_FILE = CoreImageSwiftUITests/Info.plist;
				LD_RUNPATH_SEARCH_PATHS = "$(inherited) @executable_path/Frameworks @loader_path/Frameworks";
				PRODUCT_BUNDLE_IDENTIFIER = halfpenny.gen.CoreImageSwiftUITests;
				PRODUCT_NAME = "$(TARGET_NAME)";
				SWIFT_VERSION = 3.0;
				TEST_TARGET_NAME = CoreImageSwift;
			};
			name = Debug;
		};
		62B3C8761E141557002CE87F /* Release */ = {
			isa = XCBuildConfiguration;
			buildSettings = {
				ALWAYS_EMBED_SWIFT_STANDARD_LIBRARIES = YES;
				INFOPLIST_FILE = CoreImageSwiftUITests/Info.plist;
				LD_RUNPATH_SEARCH_PATHS = "$(inherited) @executable_path/Frameworks @loader_path/Frameworks";
				PRODUCT_BUNDLE_IDENTIFIER = halfpenny.gen.CoreImageSwiftUITests;
				PRODUCT_NAME = "$(TARGET_NAME)";
				SWIFT_VERSION = 3.0;
				TEST_TARGET_NAME = CoreImageSwift;
			};
			name = Release;
		};
/* End XCBuildConfiguration section */

/* Begin XCConfigurationList section */
		62B3C8411E141556002CE87F /* Build configuration list for PBXProject "CoreImageSwift" */ = {
			isa = XCConfigurationList;
			buildConfigurations = (
				62B3C86C1E141557002CE87F /* Debug */,
				62B3C86D1E141557002CE87F /* Release */,
			);
			defaultConfigurationIsVisible = 0;
			defaultConfigurationName = Release;
		};
		62B3C86E1E141557002CE87F /* Build configuration list for PBXNativeTarget "CoreImageSwift" */ = {
			isa = XCConfigurationList;
			buildConfigurations = (
				62B3C86F1E141557002CE87F /* Debug */,
				62B3C8701E141557002CE87F /* Release */,
			);
			defaultConfigurationIsVisible = 0;
			defaultConfigurationName = Release;
		};
		62B3C8711E141557002CE87F /* Build configuration list for PBXNativeTarget "CoreImageSwiftTests" */ = {
			isa = XCConfigurationList;
			buildConfigurations = (
				62B3C8721E141557002CE87F /* Debug */,
				62B3C8731E141557002CE87F /* Release */,
			);
			defaultConfigurationIsVisible = 0;
			defaultConfigurationName = Release;
		};
		62B3C8741E141557002CE87F /* Build configuration list for PBXNativeTarget "CoreImageSwiftUITests" */ = {
			isa = XCConfigurationList;
			buildConfigurations = (
				62B3C8751E141557002CE87F /* Debug */,
				62B3C8761E141557002CE87F /* Release */,
			);
			defaultConfigurationIsVisible = 0;
			defaultConfigurationName = Release;
		};
/* End XCConfigurationList section */
	};
	rootObject = 62B3C83E1E141556002CE87F /* Project object */;
}
